
Microsoft Visual Studio Solution File, Format Version 12.00
# Visual Studio Version 17
VisualStudioVersion = 17.8.34316.72
MinimumVisualStudioVersion = 10.0.40219.1
Project("{9A19103F-16F7-4668-BE54-9A1E7A4F7556}") = "QuizApi", "QuizApi\QuizApi.csproj", "{CD6C07A5-D325-40C0-AAF0-A5AB23014A27}"
EndProject
Project("{9A19103F-16F7-4668-BE54-9A1E7A4F7556}") = "QuizApi.Data", "QuizApi.Data\QuizApi.Data.csproj", "{CDD9DA49-4B89-4EB1-8187-0CB26183925F}"
EndProject
Project("{9A19103F-16F7-4668-BE54-9A1E7A4F7556}") = "QuizApi.Domain", "QuizApi.Domain\QuizApi.Domain.csproj", "{13B7A995-974C-4B79-9049-F32BDA28225F}"
EndProject
Global
	GlobalSection(SolutionConfigurationPlatforms) = preSolution
		Debug|Any CPU = Debug|Any CPU
		Release|Any CPU = Release|Any CPU
	EndGlobalSection
	GlobalSection(ProjectConfigurationPlatforms) = postSolution
		{CD6C07A5-D325-40C0-AAF0-A5AB23014A27}.Debug|Any CPU.ActiveCfg = Debug|Any CPU
		{CD6C07A5-D325-40C0-AAF0-A5AB23014A27}.Debug|Any CPU.Build.0 = Debug|Any CPU
		{CD6C07A5-D325-40C0-AAF0-A5AB23014A27}.Release|Any CPU.ActiveCfg = Release|Any CPU
		{CD6C07A5-D325-40C0-AAF0-A5AB23014A27}.Release|Any CPU.Build.0 = Release|Any CPU
		{CDD9DA49-4B89-4EB1-8187-0CB26183925F}.Debug|Any CPU.ActiveCfg = Debug|Any CPU
		{CDD9DA49-4B89-4EB1-8187-0CB26183925F}.Debug|Any CPU.Build.0 = Debug|Any CPU
		{CDD9DA49-4B89-4EB1-8187-0CB26183925F}.Release|Any CPU.ActiveCfg = Release|Any CPU
		{CDD9DA49-4B89-4EB1-8187-0CB26183925F}.Release|Any CPU.Build.0 = Release|Any CPU
		{13B7A995-974C-4B79-9049-F32BDA28225F}.Debug|Any CPU.ActiveCfg = Debug|Any CPU
		{13B7A995-974C-4B79-9049-F32BDA28225F}.Debug|Any CPU.Build.0 = Debug|Any CPU
		{13B7A995-974C-4B79-9049-F32BDA28225F}.Release|Any CPU.ActiveCfg = Release|Any CPU
		{13B7A995-974C-4B79-9049-F32BDA28225F}.Release|Any CPU.Build.0 = Release|Any CPU
	EndGlobalSection
	GlobalSection(SolutionProperties) = preSolution
		HideSolutionNode = FALSE
	EndGlobalSection
	GlobalSection(ExtensibilityGlobals) = postSolution
		SolutionGuid = {6A4FC0DB-304D-4201-A462-195A42B5D604}
	EndGlobalSection
EndGlobal
